# This file was autogenerated by Stack.
# You should not edit this file by hand.
# For more information, please see the documentation at:
#   https://docs.haskellstack.org/en/stable/topics/lock_files

packages:
- completed:
    hackage: flatparse-0.5.3.0@sha256:e1ffe52871135342cd2b3052c2217253bdf5b996f0f56d7d011527219595e0dd,4577
    pantry-tree:
      sha256: 68a4b0ac9d58b9926dd3452319a5fbdd99821f7f391e12042762517456338350
      size: 2342
  original:
    hackage: flatparse-0.5.3.0
snapshots:
- completed:
    sha256: a8cfaae441160430cdde558cb80d4f9d60746e7417b275250e4e0af57ee14f36
    size: 728954
    url: https://raw.githubusercontent.com/commercialhaskell/stackage-snapshots/master/lts/24/33.yaml
  original: lts-24.33
